PODS:
  - Braintree/3D-Secure (4.8.4):
    - Braintree/Card
    - Braintree/Core
  - Braintree/Card (4.8.4):
    - Braintree/Core
  - Braintree/Core (4.8.4)
  - Braintree/PayPal (4.8.4):
    - Braintree/Core
    - Braintree/PayPalOneTouch
  - Braintree/PayPalDataCollector (4.8.4):
    - Braintree/Core
    - Braintree/PayPalUtils
  - Braintree/PayPalOneTouch (4.8.4):
    - Braintree/Core
    - Braintree/PayPalDataCollector
    - Braintree/PayPalUtils
  - Braintree/PayPalUtils (4.8.4)
  - Braintree/UnionPay (4.8.4):
    - Braintree/Card
    - Braintree/Core
  - BraintreeDropIn (5.2.1):
    - BraintreeDropIn/DropIn (= 5.2.1)
  - BraintreeDropIn/DropIn (5.2.1):
    - Braintree/Card (~> 4.0)
    - Braintree/Core (~> 4.0)
    - Braintree/UnionPay (~> 4.0)
    - BraintreeDropIn/UIKit
  - BraintreeDropIn/UIKit (5.2.1)
  - Kingfisher (3.10.3)

DEPENDENCIES:
  - Braintree/3D-Secure
  - Braintree/PayPal
  - BraintreeDropIn
  - Kingfisher (~> 3.0)

SPEC CHECKSUMS:
  Braintree: b14041582732676facd0b7237bc08cfdc0cbf988
  BraintreeDropIn: e9cecf2ec946f084476f007a7e91925016b77e91
  Kingfisher: a0ac82dc5bcf0388dd74b294cf2cc13730c63436

PODFILE CHECKSUM: f546bc356d2e244b406c2b7d60920b7b853e1d55

COCOAPODS: 1.2.0
